
Microsoft Visual Studio Solution File, Format Version 12.00
# Visual Studio Version 17
VisualStudioVersion = 17.12.35514.174
MinimumVisualStudioVersion = 10.0.40219.1
Project("{FAE04EC0-301F-11D3-BF4B-00C04F79EFBC}") = "kutuphane_otomasyonu", "kutuphane_otomasyonu\kutuphane_otomasyonu.csproj", "{9E915A08-69DC-4FFD-AE5F-61A29A4C9E15}"
EndProject
Project("{54435603-DBB4-11D2-8724-00A0C9A8B90C}") = "KÜTÜPHANEOTOMASYONU", "KÜTÜPHANEOTOMASYONU\KÜTÜPHANEOTOMASYONU.vdproj", "{39396726-F54E-4D83-BEA0-B40519D62F2B}"
EndProject
Global
	GlobalSection(SolutionConfigurationPlatforms) = preSolution
		Debug|Any CPU = Debug|Any CPU
		Release|Any CPU = Release|Any CPU
	EndGlobalSection
	GlobalSection(ProjectConfigurationPlatforms) = postSolution
		{9E915A08-69DC-4FFD-AE5F-61A29A4C9E15}.Debug|Any CPU.ActiveCfg = Debug|Any CPU
		{9E915A08-69DC-4FFD-AE5F-61A29A4C9E15}.Debug|Any CPU.Build.0 = Debug|Any CPU
		{9E915A08-69DC-4FFD-AE5F-61A29A4C9E15}.Release|Any CPU.ActiveCfg = Release|Any CPU
		{9E915A08-69DC-4FFD-AE5F-61A29A4C9E15}.Release|Any CPU.Build.0 = Release|Any CPU
		{39396726-F54E-4D83-BEA0-B40519D62F2B}.Debug|Any CPU.ActiveCfg = Debug
		{39396726-F54E-4D83-BEA0-B40519D62F2B}.Release|Any CPU.ActiveCfg = Release
	EndGlobalSection
	GlobalSection(SolutionProperties) = preSolution
		HideSolutionNode = FALSE
	EndGlobalSection
EndGlobal
